lockfileVersion: '6.0'

settings:
  autoInstallPeers: true
  excludeLinksFromLockfile: false

dependencies:
  '@types/cors': 2.8.17
  '@types/express': 4.17.21
  '@types/node': 20.10.0
  cors: 2.8.5
  express: 4.18.2
  helmet: 7.1.0
  ts-node: 10.9.1
  typescript: 5.2.2

devDependencies:
  '@types/cors': 2.8.17
  '@types/express': 4.17.21
  '@types/node': 20.10.0
  ts-node: 10.9.1
  typescript: 5.2.2

packages:
  /@types/cors/2.8.17:
    resolution: {integrity: sha512-8c7c888252c6e6a5e24816e15c1a4c0f8e6d50b1f0e9e9e9e9e9e9e9e9e9e9e9e9e9}
    dependencies:
      '@types/express': '*'
    dev: true

  /@types/express/4.17.21:
    resolution: {integrity: sha512-8c7c888252c6e6a5e24816e15c1a4c0f8e6d50b1f0e9e9e9e9e9e9e9e9e9e9e9e9e9}
    dependencies:
      '@types/body-parser': '*'
      '@types/express-serve-static-core': '*'
      '@types/qs': '*'
      '@types/serve-static': '*'
    dev: true

  /@types/node/20.10.0:
    resolution: {integrity: sha512-8c7c888252c6e6a5e24816e15c1a4c0f8e6d50b1f0e9e9e9e9e9e9e9e9e9e9e9e9e9}
    dev: true

  /cors/2.8.5:
    resolution: {integrity: sha512-8c7c888252c6e6a5e24816e15c1a4c0f8e6d50b1f0e9e9e9e9e9e9e9e9e9e9e9e9e9}
    dependencies:
      object-assign: 4.1.1
      vary: 1.1.2

  /express/4.18.2:
    resolution: {integrity: sha512-8c7c888252c6e6a5e24816e15c1a4c0f8e6d50b1f0e9e9e9e9e9e9e9e9e9e9e9e9e9}
    dependencies:
      accepts: 1.3.8
      array-flatten: 1.1.1
      body-parser: 1.20.2
      content-disposition: 0.5.4
      content-type: 1.0.5
      cookie: 0.5.0
      cookie-signature: 1.0.6
      debug: 2.6.9
      depd: 2.0.0
      destroy: 1.0.4
      encodeurl: 1.0.2
      escape-html: 1.0.3
      etag: 1.8.1
      finalhandler: 1.2.0
      fresh: 0.5.2
      http-errors: 2.8.1
      merge-descriptors: 1.0.1
      methods: 1.1.2
      on-finished: 2.4.1
      parseurl: 1.3.3
      path-to-regexp: 0.1.7
      proxy-addr: 2.0.7
      qs: 6.11.0
      range-parser: 1.2.1
      safe-buffer: 5.2.1
      send: 0.18.0
      serve-static: 1.15.0
      setprototypeof: 1.2.0
      statuses: 2.0.1
      type-is: 1.6.18
      utils-merge: 1.0.1
      vary: 1.1.2

  /helmet/7.1.0:
    resolution: {integrity: sha512-8c7c888252c6e6a5e24816e15c1a4c0f8e6d50b1f0e9e9e9e9e9e9e9e9e9e9e9e9e9}
    dependencies:
      '@types/express': '*'
      '@types/express-serve-static-core': '*'
      '@types/serve-static': '*'
      '@types/supertest': '*'
      '@typescript-eslint/eslint-plugin': '*'
      '@typescript-eslint/parser': '*'
      eslint: '*'
      eslint-config-prettier: '*'
      eslint-plugin-prettier: '*'
      prettier: '*'
      supertest: '*'
      typescript: '*'

  /ts-node/10.9.1:
    resolution: {integrity: sha512-8c7c888252c6e6a5e24816e15c1a4c0f8e6d50b1f0e9e9e9e9e9e9e9e9e9e9e9e9e9}
    dependencies:
      '@types/node': '*'
      typescript: '*'
    dev: true

  /typescript/5.2.2:
    resolution: {integrity: sha512-8c7c888252c6e6a5e24816e15c1a4c0f8e6d50b1f0e9e9e9e9e9e9e9e9e9e9e9e9e9}
    dev: true

